{
    "_meta": {
        "hash": {
            "sha256": "3630358b713d4d22e242f937abf0c40b31bee65fae5193d0376a832764ba2fa6"
        },
        "pipfile-spec": 6,
        "requires": {
            "python_version": "3.11"
        },
        "sources": [
            {
                "name": "pypi",
                "url": "https://pypi.org/simple",
                "verify_ssl": true
            }
        ]
    },
    "default": {
        "connect-four": {
            "path": ".",
            "version": "==1.0.0"
        }
    },
    "develop": {}
}
